
Microsoft Visual Studio Solution File, Format Version 12.00
# Visual Studio Version 17
VisualStudioVersion = 17.8.34525.116
MinimumVisualStudioVersion = 10.0.40219.1
Project("{9A19103F-16F7-4668-BE54-9A1E7A4F7556}") = "ApplicationSprint3", "ApplicationCP2\ApplicationSprint3.csproj", "{707D975A-5279-48B7-B418-EC5217C54378}"
EndProject
Global
	GlobalSection(SolutionConfigurationPlatforms) = preSolution
		Debug|Any CPU = Debug|Any CPU
		Release|Any CPU = Release|Any CPU
	EndGlobalSection
	GlobalSection(ProjectConfigurationPlatforms) = postSolution
		{707D975A-5279-48B7-B418-EC5217C54378}.Debug|Any CPU.ActiveCfg = Debug|Any CPU
		{707D975A-5279-48B7-B418-EC5217C54378}.Debug|Any CPU.Build.0 = Debug|Any CPU
		{707D975A-5279-48B7-B418-EC5217C54378}.Release|Any CPU.ActiveCfg = Release|Any CPU
		{707D975A-5279-48B7-B418-EC5217C54378}.Release|Any CPU.Build.0 = Release|Any CPU
	EndGlobalSection
	GlobalSection(SolutionProperties) = preSolution
		HideSolutionNode = FALSE
	EndGlobalSection
	GlobalSection(ExtensibilityGlobals) = postSolution
		SolutionGuid = {3DB136EC-996F-4062-8911-9FC39694538C}
	EndGlobalSection
EndGlobal
